
Microsoft Visual Studio Solution File, Format Version 12.00
# Visual Studio 15
VisualStudioVersion = 15.0.27130.2036
MinimumVisualStudioVersion = 10.0.40219.1
Project("{9092AA53-FB77-4645-B42D-1CCCA6BD08BD}") = "browsability", "browsability.njsproj", "{D04CF84A-13CD-42A1-B60C-0873E437F162}"
EndProject
Global
	GlobalSection(SolutionConfigurationPlatforms) = preSolution
		Debug|Any CPU = Debug|Any CPU
		Release|Any CPU = Release|Any CPU
	EndGlobalSection
	GlobalSection(ProjectConfigurationPlatforms) = postSolution
		{D04CF84A-13CD-42A1-B60C-0873E437F162}.Debug|Any CPU.ActiveCfg = Debug|Any CPU
		{D04CF84A-13CD-42A1-B60C-0873E437F162}.Debug|Any CPU.Build.0 = Debug|Any CPU
		{D04CF84A-13CD-42A1-B60C-0873E437F162}.Release|Any CPU.ActiveCfg = Release|Any CPU
		{D04CF84A-13CD-42A1-B60C-0873E437F162}.Release|Any CPU.Build.0 = Release|Any CPU
	EndGlobalSection
	GlobalSection(SolutionProperties) = preSolution
		HideSolutionNode = FALSE
	EndGlobalSection
	GlobalSection(ExtensibilityGlobals) = postSolution
		SolutionGuid = {6CEF5D02-8AD4-4AD4-A2A9-0FD623A8E6EA}
	EndGlobalSection
EndGlobal
