
Microsoft Visual Studio Solution File, Format Version 12.00
# Visual Studio 15
VisualStudioVersion = 15.0.27004.2009
MinimumVisualStudioVersion = 10.0.40219.1
Project("{9092AA53-FB77-4645-B42D-1CCCA6BD08BD}") = "suitabrowser", "suitabrowser.njsproj", "{4720711F-C151-459F-B344-2B7BC4EDF1DE}"
EndProject
Global
	GlobalSection(SolutionConfigurationPlatforms) = preSolution
		Debug|Any CPU = Debug|Any CPU
		Release|Any CPU = Release|Any CPU
	EndGlobalSection
	GlobalSection(ProjectConfigurationPlatforms) = postSolution
		{4720711F-C151-459F-B344-2B7BC4EDF1DE}.Debug|Any CPU.ActiveCfg = Debug|Any CPU
		{4720711F-C151-459F-B344-2B7BC4EDF1DE}.Debug|Any CPU.Build.0 = Debug|Any CPU
		{4720711F-C151-459F-B344-2B7BC4EDF1DE}.Release|Any CPU.ActiveCfg = Release|Any CPU
		{4720711F-C151-459F-B344-2B7BC4EDF1DE}.Release|Any CPU.Build.0 = Release|Any CPU
	EndGlobalSection
	GlobalSection(SolutionProperties) = preSolution
		HideSolutionNode = FALSE
	EndGlobalSection
	GlobalSection(ExtensibilityGlobals) = postSolution
		SolutionGuid = {2CEF1C55-CDCA-47C8-8E69-F3C54F914C6E}
	EndGlobalSection
EndGlobal
